
Microsoft Visual Studio Solution File, Format Version 12.00
# Visual Studio 2012
Project("{FAE04EC0-301F-11D3-BF4B-00C04F79EFBC}") = "GFT", "Console\GFT.csproj", "{6DE32B93-90E7-4A2C-8233-9C99368078EA}"
EndProject
Project("{FAE04EC0-301F-11D3-BF4B-00C04F79EFBC}") = "Framework.Cache", "Framework\Framework.Library\Framework.Cache.csproj", "{1A1E499D-77F3-4CB4-8619-8F043E2F262A}"
EndProject
Project("{FAE04EC0-301F-11D3-BF4B-00C04F79EFBC}") = "Framework", "Framework\Framework\Framework.csproj", "{B86715A6-E85F-4FAF-A56E-33412D8EE4E9}"
EndProject
Project("{FAE04EC0-301F-11D3-BF4B-00C04F79EFBC}") = "GFT.Tests", "GFT.Tests\GFT.Tests.csproj", "{59A0F7B1-B693-43FB-8B48-3E6279AD16BD}"
EndProject
Project("{FAE04EC0-301F-11D3-BF4B-00C04F79EFBC}") = "GFT.Business", "GTF.Business\GFT.Business.csproj", "{F60FC953-9ABB-4A18-97E0-5E1D5BDDE1E7}"
EndProject
Project("{2150E333-8FDC-42A3-9474-1A3956D46DE8}") = ".nuget", ".nuget", "{518FE9EA-8323-45D8-B439-2B595F247988}"
	ProjectSection(SolutionItems) = preProject
		.nuget\NuGet.Config = .nuget\NuGet.Config
		.nuget\NuGet.exe = .nuget\NuGet.exe
		.nuget\NuGet.targets = .nuget\NuGet.targets
	EndProjectSection
EndProject
Global
	GlobalSection(SolutionConfigurationPlatforms) = preSolution
		Debug|Any CPU = Debug|Any CPU
		Release|Any CPU = Release|Any CPU
	EndGlobalSection
	GlobalSection(ProjectConfigurationPlatforms) = postSolution
		{6DE32B93-90E7-4A2C-8233-9C99368078EA}.Debug|Any CPU.ActiveCfg = Debug|Any CPU
		{6DE32B93-90E7-4A2C-8233-9C99368078EA}.Debug|Any CPU.Build.0 = Debug|Any CPU
		{6DE32B93-90E7-4A2C-8233-9C99368078EA}.Release|Any CPU.ActiveCfg = Release|Any CPU
		{6DE32B93-90E7-4A2C-8233-9C99368078EA}.Release|Any CPU.Build.0 = Release|Any CPU
		{1A1E499D-77F3-4CB4-8619-8F043E2F262A}.Debug|Any CPU.ActiveCfg = Debug|Any CPU
		{1A1E499D-77F3-4CB4-8619-8F043E2F262A}.Debug|Any CPU.Build.0 = Debug|Any CPU
		{1A1E499D-77F3-4CB4-8619-8F043E2F262A}.Release|Any CPU.ActiveCfg = Release|Any CPU
		{1A1E499D-77F3-4CB4-8619-8F043E2F262A}.Release|Any CPU.Build.0 = Release|Any CPU
		{B86715A6-E85F-4FAF-A56E-33412D8EE4E9}.Debug|Any CPU.ActiveCfg = Debug|Any CPU
		{B86715A6-E85F-4FAF-A56E-33412D8EE4E9}.Debug|Any CPU.Build.0 = Debug|Any CPU
		{B86715A6-E85F-4FAF-A56E-33412D8EE4E9}.Release|Any CPU.ActiveCfg = Release|Any CPU
		{B86715A6-E85F-4FAF-A56E-33412D8EE4E9}.Release|Any CPU.Build.0 = Release|Any CPU
		{59A0F7B1-B693-43FB-8B48-3E6279AD16BD}.Debug|Any CPU.ActiveCfg = Debug|Any CPU
		{59A0F7B1-B693-43FB-8B48-3E6279AD16BD}.Debug|Any CPU.Build.0 = Debug|Any CPU
		{59A0F7B1-B693-43FB-8B48-3E6279AD16BD}.Release|Any CPU.ActiveCfg = Release|Any CPU
		{59A0F7B1-B693-43FB-8B48-3E6279AD16BD}.Release|Any CPU.Build.0 = Release|Any CPU
		{F60FC953-9ABB-4A18-97E0-5E1D5BDDE1E7}.Debug|Any CPU.ActiveCfg = Debug|Any CPU
		{F60FC953-9ABB-4A18-97E0-5E1D5BDDE1E7}.Debug|Any CPU.Build.0 = Debug|Any CPU
		{F60FC953-9ABB-4A18-97E0-5E1D5BDDE1E7}.Release|Any CPU.ActiveCfg = Release|Any CPU
		{F60FC953-9ABB-4A18-97E0-5E1D5BDDE1E7}.Release|Any CPU.Build.0 = Release|Any CPU
	EndGlobalSection
	GlobalSection(SolutionProperties) = preSolution
		HideSolutionNode = FALSE
	EndGlobalSection
EndGlobal
